
Microsoft Visual Studio Solution File, Format Version 12.00
# Visual Studio 2013
VisualStudioVersion = 12.0.40629.0
MinimumVisualStudioVersion = 10.0.40219.1
Project("{FAE04EC0-301F-11D3-BF4B-00C04F79EFBC}") = "CircularPrimeApp", "CircularPrimeApp\CircularPrimeApp.csproj", "{436E7B3E-0CDE-4656-B502-DF0FEF9E5CA9}"
EndProject
Project("{FAE04EC0-301F-11D3-BF4B-00C04F79EFBC}") = "CircularPrimeAppUnitTests", "CircularPrimeAppUnitTests\CircularPrimeAppUnitTests.csproj", "{DD7946F5-A659-45C7-94E8-3A9CEABC559A}"
EndProject
Global
	GlobalSection(SolutionConfigurationPlatforms) = preSolution
		Debug|Any CPU = Debug|Any CPU
		Release|Any CPU = Release|Any CPU
	EndGlobalSection
	GlobalSection(ProjectConfigurationPlatforms) = postSolution
		{436E7B3E-0CDE-4656-B502-DF0FEF9E5CA9}.Debug|Any CPU.ActiveCfg = Debug|Any CPU
		{436E7B3E-0CDE-4656-B502-DF0FEF9E5CA9}.Debug|Any CPU.Build.0 = Debug|Any CPU
		{436E7B3E-0CDE-4656-B502-DF0FEF9E5CA9}.Release|Any CPU.ActiveCfg = Release|Any CPU
		{436E7B3E-0CDE-4656-B502-DF0FEF9E5CA9}.Release|Any CPU.Build.0 = Release|Any CPU
		{DD7946F5-A659-45C7-94E8-3A9CEABC559A}.Debug|Any CPU.ActiveCfg = Debug|Any CPU
		{DD7946F5-A659-45C7-94E8-3A9CEABC559A}.Debug|Any CPU.Build.0 = Debug|Any CPU
		{DD7946F5-A659-45C7-94E8-3A9CEABC559A}.Release|Any CPU.ActiveCfg = Release|Any CPU
		{DD7946F5-A659-45C7-94E8-3A9CEABC559A}.Release|Any CPU.Build.0 = Release|Any CPU
	EndGlobalSection
	GlobalSection(SolutionProperties) = preSolution
		HideSolutionNode = FALSE
	EndGlobalSection
EndGlobal
